{
  "name": "ws-server",
  "version": "1.0.0",
  "lockfileVersion": 3,
  "requires": true,
  "packages": {
    "": {
      "name": "ws-server",
      "version": "1.0.0",
      "license": "ISC",
      "dependencies": {
        "ws": "^8.18.0"
      }
    },
    "node_modules/ws": {
      "version": "8.18.0",
      "resolved": "https://registry.npmjs.org/ws/-/ws-8.18.0.tgz",
      "integrity": "sha512-wds9E97+/pxj006vsrXfXzVWdZLFuKED7nN8vE/8Ddy1Y/5tIofOxsWfU88HInL9Y8X6j9f9z+fV6898+D8UdA==",
      "engines": {
        "node": ">=10.0.0"
      }
    }
  }
}
